packages:
  - name: codegen
    package: dbt-labs/codegen
    version: 0.13.1
  - name: dbt_expectations
    package: metaplane/dbt_expectations
    version: 0.10.9
  - name: dbt_unit_testing
    package: EqualExperts/dbt_unit_testing
    version: 0.4.20
  - name: dbt_utils
    package: dbt-labs/dbt_utils
    version: 1.3.0
  - name: dbt_date
    package: godatadriven/dbt_date
    version: 0.16.1
sha1_hash: c1a692d446d0cd32feb4326ea577a7fc580ccd84
